
Microsoft Visual Studio Solution File, Format Version 12.00
# Visual Studio 14
VisualStudioVersion = 14.0.23107.0
MinimumVisualStudioVersion = 10.0.40219.1
Project("{159641D6-6404-4A2A-AE62-294DE0FE8301}") = "Testing_SSIS_Devops", "Testing_SSIS_Devops\Testing_SSIS_Devops.dtproj", "{CC12A985-C92B-456C-BF79-CE7BF9230348}"
EndProject
Global
	GlobalSection(SolutionConfigurationPlatforms) = preSolution
		Development|Default = Development|Default
	EndGlobalSection
	GlobalSection(ProjectConfigurationPlatforms) = postSolution
		{CC12A985-C92B-456C-BF79-CE7BF9230348}.Development|Default.ActiveCfg = Development
		{CC12A985-C92B-456C-BF79-CE7BF9230348}.Development|Default.Build.0 = Development
	EndGlobalSection
	GlobalSection(SolutionProperties) = preSolution
		HideSolutionNode = FALSE
	EndGlobalSection
EndGlobal
